{
    "version": 3,
    "terraform_version": "0.11.13",
    "serial": 3,
    "lineage": "2fe85738-8d15-d342-b6bd-5e63f732fd7b",
    "modules": [
        {
            "path": [
                "root"
            ],
            "outputs": {},
            "resources": {
                "aws_internet_gateway.my_igw": {
                    "type": "aws_internet_gateway",
                    "depends_on": [
                        "aws_vpc.myvpc"
                    ],
                    "primary": {
                        "id": "igw-0f394b28d0d8a470d",
                        "attributes": {
                            "arn": "arn:aws:ec2:us-east-1:821133167010:internet-gateway/igw-0f394b28d0d8a470d",
                            "id": "igw-0f394b28d0d8a470d",
                            "owner_id": "821133167010",
                            "tags.%": "1",
                            "tags.Name": "myigw",
                            "vpc_id": "vpc-0d34c2c31e92c448b"
                        },
                        "meta": {},
                        "tainted": false
                    },
                    "deposed": [],
                    "provider": "provider.aws"
                },
                "aws_route_table.myroute": {
                    "type": "aws_route_table",
                    "depends_on": [
                        "aws_internet_gateway.my_igw",
                        "aws_vpc.myvpc"
                    ],
                    "primary": {
                        "id": "rtb-0fc5beb8cfd7f14de",
                        "attributes": {
                            "id": "rtb-0fc5beb8cfd7f14de",
                            "owner_id": "821133167010",
                            "propagating_vgws.#": "0",
                            "route.#": "1",
                            "route.2300644044.cidr_block": "0.0.0.0/0",
                            "route.2300644044.egress_only_gateway_id": "",
                            "route.2300644044.gateway_id": "igw-0f394b28d0d8a470d",
                            "route.2300644044.instance_id": "",
                            "route.2300644044.ipv6_cidr_block": "",
                            "route.2300644044.nat_gateway_id": "",
                            "route.2300644044.network_interface_id": "",
                            "route.2300644044.transit_gateway_id": "",
                            "route.2300644044.vpc_peering_connection_id": "",
                            "tags.%": "1",
                            "tags.Name": "myroute",
                            "vpc_id": "vpc-0d34c2c31e92c448b"
                        },
                        "meta": {},
                        "tainted": false
                    },
                    "deposed": [],
                    "provider": "provider.aws"
                },
                "aws_route_table_association.route_association": {
                    "type": "aws_route_table_association",
                    "depends_on": [
                        "aws_route_table.myroute",
                        "aws_subnet.mysub"
                    ],
                    "primary": {
                        "id": "rtbassoc-087c22f3c5603a33e",
                        "attributes": {
                            "id": "rtbassoc-087c22f3c5603a33e",
                            "route_table_id": "rtb-0fc5beb8cfd7f14de",
                            "subnet_id": "subnet-0b9ac23bc2f9554fd"
                        },
                        "meta": {},
                        "tainted": false
                    },
                    "deposed": [],
                    "provider": "provider.aws"
                },
                "aws_security_group.mysg": {
                    "type": "aws_security_group",
                    "depends_on": [
                        "aws_vpc.myvpc"
                    ],
                    "primary": {
                        "id": "sg-06977346e24439e73",
                        "attributes": {
                            "arn": "arn:aws:ec2:us-east-1:821133167010:security-group/sg-06977346e24439e73",
                            "description": "Allow all inbound traffic",
                            "egress.#": "1",
                            "egress.482069346.cidr_blocks.#": "1",
                            "egress.482069346.cidr_blocks.0": "0.0.0.0/0",
                            "egress.482069346.description": "",
                            "egress.482069346.from_port": "0",
                            "egress.482069346.ipv6_cidr_blocks.#": "0",
                            "egress.482069346.prefix_list_ids.#": "0",
                            "egress.482069346.protocol": "-1",
                            "egress.482069346.security_groups.#": "0",
                            "egress.482069346.self": "false",
                            "egress.482069346.to_port": "0",
                            "id": "sg-06977346e24439e73",
                            "ingress.#": "1",
                            "ingress.145668643.cidr_blocks.#": "1",
                            "ingress.145668643.cidr_blocks.0": "0.0.0.0/0",
                            "ingress.145668643.description": "SSH from VPC",
                            "ingress.145668643.from_port": "0",
                            "ingress.145668643.ipv6_cidr_blocks.#": "0",
                            "ingress.145668643.prefix_list_ids.#": "0",
                            "ingress.145668643.protocol": "-1",
                            "ingress.145668643.security_groups.#": "0",
                            "ingress.145668643.self": "false",
                            "ingress.145668643.to_port": "0",
                            "name": "myvpcsg",
                            "owner_id": "821133167010",
                            "revoke_rules_on_delete": "false",
                            "tags.%": "1",
                            "tags.Name": "myvpcsg",
                            "vpc_id": "vpc-0d34c2c31e92c448b"
                        },
                        "meta": {
                            "e2bfb730-ecaa-11e6-8f88-34363bc7c4c0": {
                                "create": 600000000000,
                                "delete": 600000000000
                            },
                            "schema_version": "1"
                        },
                        "tainted": false
                    },
                    "deposed": [],
                    "provider": "provider.aws"
                },
                "aws_subnet.mysub": {
                    "type": "aws_subnet",
                    "depends_on": [
                        "aws_vpc.myvpc"
                    ],
                    "primary": {
                        "id": "subnet-0b9ac23bc2f9554fd",
                        "attributes": {
                            "arn": "arn:aws:ec2:us-east-1:821133167010:subnet/subnet-0b9ac23bc2f9554fd",
                            "assign_ipv6_address_on_creation": "false",
                            "availability_zone": "us-east-1f",
                            "availability_zone_id": "use1-az5",
                            "cidr_block": "10.10.20.0/24",
                            "id": "subnet-0b9ac23bc2f9554fd",
                            "ipv6_cidr_block": "",
                            "ipv6_cidr_block_association_id": "",
                            "map_public_ip_on_launch": "false",
                            "outpost_arn": "",
                            "owner_id": "821133167010",
                            "tags.%": "1",
                            "tags.Name": "mysubnet",
                            "vpc_id": "vpc-0d34c2c31e92c448b"
                        },
                        "meta": {
                            "e2bfb730-ecaa-11e6-8f88-34363bc7c4c0": {
                                "create": 600000000000,
                                "delete": 1200000000000
                            },
                            "schema_version": "1"
                        },
                        "tainted": false
                    },
                    "deposed": [],
                    "provider": "provider.aws"
                },
                "aws_vpc.myvpc": {
                    "type": "aws_vpc",
                    "depends_on": [],
                    "primary": {
                        "id": "vpc-0d34c2c31e92c448b",
                        "attributes": {
                            "arn": "arn:aws:ec2:us-east-1:821133167010:vpc/vpc-0d34c2c31e92c448b",
                            "assign_generated_ipv6_cidr_block": "false",
                            "cidr_block": "10.10.0.0/16",
                            "default_network_acl_id": "acl-0964f9de3e7abe2f2",
                            "default_route_table_id": "rtb-0ea03cbc6b6b385ff",
                            "default_security_group_id": "sg-0059326baf8d02564",
                            "dhcp_options_id": "dopt-dc92fba6",
                            "enable_classiclink": "false",
                            "enable_classiclink_dns_support": "false",
                            "enable_dns_hostnames": "false",
                            "enable_dns_support": "true",
                            "id": "vpc-0d34c2c31e92c448b",
                            "instance_tenancy": "default",
                            "ipv6_association_id": "",
                            "ipv6_cidr_block": "",
                            "main_route_table_id": "rtb-0ea03cbc6b6b385ff",
                            "owner_id": "821133167010",
                            "tags.%": "1",
                            "tags.Name": "myvpc"
                        },
                        "meta": {
                            "schema_version": "1"
                        },
                        "tainted": false
                    },
                    "deposed": [],
                    "provider": "provider.aws"
                }
            },
            "depends_on": []
        }
    ]
}
